
Microsoft Visual Studio Solution File, Format Version 12.00
# Visual Studio Version 16
VisualStudioVersion = 16.0.31410.357
MinimumVisualStudioVersion = 10.0.40219.1
Project("{9A19103F-16F7-4668-BE54-9A1E7A4F7556}") = "PowerfulDiscounts.Domain", "PowerfulDiscounts.Domain\PowerfulDiscounts.Domain.csproj", "{DA2916EA-66F4-4304-8E1C-B7547C13BC55}"
EndProject
Project("{9A19103F-16F7-4668-BE54-9A1E7A4F7556}") = "PowerfulDiscounts.App.ConsoleTest", "PowerfulDiscounts.App.ConsoleTest\PowerfulDiscounts.App.ConsoleTest.csproj", "{06759DC7-8CFE-42E0-A6E5-C9F06A01914F}"
EndProject
Project("{FAE04EC0-301F-11D3-BF4B-00C04F79EFBC}") = "PowerfulDiscounts.Domain.Tests", "PowerfulDiscounts.Domain.Tests\PowerfulDiscounts.Domain.Tests.csproj", "{904C3DF7-F4AF-4D7C-B546-8DE0A1F4EF44}"
EndProject
Global
	GlobalSection(SolutionConfigurationPlatforms) = preSolution
		Debug|Any CPU = Debug|Any CPU
		Release|Any CPU = Release|Any CPU
	EndGlobalSection
	GlobalSection(ProjectConfigurationPlatforms) = postSolution
		{DA2916EA-66F4-4304-8E1C-B7547C13BC55}.Debug|Any CPU.ActiveCfg = Debug|Any CPU
		{DA2916EA-66F4-4304-8E1C-B7547C13BC55}.Debug|Any CPU.Build.0 = Debug|Any CPU
		{DA2916EA-66F4-4304-8E1C-B7547C13BC55}.Release|Any CPU.ActiveCfg = Release|Any CPU
		{DA2916EA-66F4-4304-8E1C-B7547C13BC55}.Release|Any CPU.Build.0 = Release|Any CPU
		{06759DC7-8CFE-42E0-A6E5-C9F06A01914F}.Debug|Any CPU.ActiveCfg = Debug|Any CPU
		{06759DC7-8CFE-42E0-A6E5-C9F06A01914F}.Debug|Any CPU.Build.0 = Debug|Any CPU
		{06759DC7-8CFE-42E0-A6E5-C9F06A01914F}.Release|Any CPU.ActiveCfg = Release|Any CPU
		{06759DC7-8CFE-42E0-A6E5-C9F06A01914F}.Release|Any CPU.Build.0 = Release|Any CPU
		{904C3DF7-F4AF-4D7C-B546-8DE0A1F4EF44}.Debug|Any CPU.ActiveCfg = Debug|Any CPU
		{904C3DF7-F4AF-4D7C-B546-8DE0A1F4EF44}.Debug|Any CPU.Build.0 = Debug|Any CPU
		{904C3DF7-F4AF-4D7C-B546-8DE0A1F4EF44}.Release|Any CPU.ActiveCfg = Release|Any CPU
		{904C3DF7-F4AF-4D7C-B546-8DE0A1F4EF44}.Release|Any CPU.Build.0 = Release|Any CPU
	EndGlobalSection
	GlobalSection(SolutionProperties) = preSolution
		HideSolutionNode = FALSE
	EndGlobalSection
	GlobalSection(ExtensibilityGlobals) = postSolution
		SolutionGuid = {E6FE7C8A-653F-4EAE-AE0C-3ACB4F4506E8}
	EndGlobalSection
EndGlobal
